// !$*UTF8*$!
{
	archiveVersion = 1;
	classes = {
	};
	objectVersion = 45;
	objects = {

/* Begin PBXAggregateTarget section */
		24416B8111C4CA220047AFDD /* Build & Test */ = {
			isa = PBXAggregateTarget;
			buildConfigurationList = 24416B8A11C4CA520047AFDD /* Build configuration list for PBXAggregateTarget "Build & Test" */;
			buildPhases = (
				24416B8011C4CA220047AFDD /* ShellScript */,
			);
			dependencies = (
				24416B8511C4CA280047AFDD /* PBXTargetDependency */,
			);
			name = "Build & Test";
			productName = "Build & test";
		};
/* End PBXAggregateTarget section */

/* Begin PBXBuildFile section */
		24DD6CF91134B3F500162E58 /* CoCoolelephantStripeModule.h in Headers */ = {isa = PBXBuildFile; fileRef = 24DD6CF71134B3F500162E58 /* CoCoolelephantStripeModule.h */; };
		24DD6CFA1134B3F500162E58 /* CoCoolelephantStripeModule.m in Sources */ = {isa = PBXBuildFile; fileRef = 24DD6CF81134B3F500162E58 /* CoCoolelephantStripeModule.m */; };
		24DE9E1111C5FE74003F90F6 /* CoCoolelephantStripeModuleAssets.h in Headers */ = {isa = PBXBuildFile; fileRef = 24DE9E0F11C5FE74003F90F6 /* CoCoolelephantStripeModuleAssets.h */; };
		24DE9E1211C5FE74003F90F6 /* CoCoolelephantStripeModuleAssets.m in Sources */ = {isa = PBXBuildFile; fileRef = 24DE9E1011C5FE74003F90F6 /* CoCoolelephantStripeModuleAssets.m */; };
		919446971899B8C100D7426F /* QuartzCore.framework in Frameworks */ = {isa = PBXBuildFile; fileRef = 919446961899B8C100D7426F /* QuartzCore.framework */; };
		9194472B1899BDC400D7426F /* CoCoolelephantStripeView.h in Headers */ = {isa = PBXBuildFile; fileRef = 919447291899BDC400D7426F /* CoCoolelephantStripeView.h */; };
		9194472C1899BDC400D7426F /* CoCoolelephantStripeView.m in Sources */ = {isa = PBXBuildFile; fileRef = 9194472A1899BDC400D7426F /* CoCoolelephantStripeView.m */; };
		9194472F1899BDDF00D7426F /* CoCoolelephantStripeViewProxy.h in Headers */ = {isa = PBXBuildFile; fileRef = 9194472D1899BDDF00D7426F /* CoCoolelephantStripeViewProxy.h */; };
		919447301899BDDF00D7426F /* CoCoolelephantStripeViewProxy.m in Sources */ = {isa = PBXBuildFile; fileRef = 9194472E1899BDDF00D7426F /* CoCoolelephantStripeViewProxy.m */; };
		919BA4E519EB2DC700EA83D6 /* Stripe+ApplePay.h in Headers */ = {isa = PBXBuildFile; fileRef = 919BA4C219EB2DC700EA83D6 /* Stripe+ApplePay.h */; };
		919BA4E619EB2DC700EA83D6 /* Stripe+ApplePay.m in Sources */ = {isa = PBXBuildFile; fileRef = 919BA4C319EB2DC700EA83D6 /* Stripe+ApplePay.m */; };
		919BA4E719EB2DC700EA83D6 /* PTKAddressZip.h in Headers */ = {isa = PBXBuildFile; fileRef = 919BA4C519EB2DC700EA83D6 /* PTKAddressZip.h */; };
		919BA4E819EB2DC700EA83D6 /* PTKAddressZip.m in Sources */ = {isa = PBXBuildFile; fileRef = 919BA4C619EB2DC700EA83D6 /* PTKAddressZip.m */; };
		919BA4E919EB2DC700EA83D6 /* PTKCard.h in Headers */ = {isa = PBXBuildFile; fileRef = 919BA4C719EB2DC700EA83D6 /* PTKCard.h */; };
		919BA4EA19EB2DC700EA83D6 /* PTKCard.m in Sources */ = {isa = PBXBuildFile; fileRef = 919BA4C819EB2DC700EA83D6 /* PTKCard.m */; };
		919BA4EB19EB2DC700EA83D6 /* PTKCardCVC.h in Headers */ = {isa = PBXBuildFile; fileRef = 919BA4C919EB2DC700EA83D6 /* PTKCardCVC.h */; };
		919BA4EC19EB2DC700EA83D6 /* PTKCardCVC.m in Sources */ = {isa = PBXBuildFile; fileRef = 919BA4CA19EB2DC700EA83D6 /* PTKCardCVC.m */; };
		919BA4ED19EB2DC700EA83D6 /* PTKCardExpiry.h in Headers */ = {isa = PBXBuildFile; fileRef = 919BA4CB19EB2DC700EA83D6 /* PTKCardExpiry.h */; };
		919BA4EE19EB2DC700EA83D6 /* PTKCardExpiry.m in Sources */ = {isa = PBXBuildFile; fileRef = 919BA4CC19EB2DC700EA83D6 /* PTKCardExpiry.m */; };
		919BA4EF19EB2DC700EA83D6 /* PTKCardNumber.h in Headers */ = {isa = PBXBuildFile; fileRef = 919BA4CD19EB2DC700EA83D6 /* PTKCardNumber.h */; };
		919BA4F019EB2DC700EA83D6 /* PTKCardNumber.m in Sources */ = {isa = PBXBuildFile; fileRef = 919BA4CE19EB2DC700EA83D6 /* PTKCardNumber.m */; };
		919BA4F119EB2DC700EA83D6 /* PTKCardType.h in Headers */ = {isa = PBXBuildFile; fileRef = 919BA4CF19EB2DC700EA83D6 /* PTKCardType.h */; };
		919BA4F219EB2DC700EA83D6 /* PTKComponent.h in Headers */ = {isa = PBXBuildFile; fileRef = 919BA4D019EB2DC700EA83D6 /* PTKComponent.h */; };
		919BA4F319EB2DC700EA83D6 /* PTKComponent.m in Sources */ = {isa = PBXBuildFile; fileRef = 919BA4D119EB2DC700EA83D6 /* PTKComponent.m */; };
		919BA4F419EB2DC700EA83D6 /* PTKTextField.h in Headers */ = {isa = PBXBuildFile; fileRef = 919BA4D219EB2DC700EA83D6 /* PTKTextField.h */; };
		919BA4F519EB2DC700EA83D6 /* PTKTextField.m in Sources */ = {isa = PBXBuildFile; fileRef = 919BA4D319EB2DC700EA83D6 /* PTKTextField.m */; };
		919BA4F619EB2DC700EA83D6 /* PTKUSAddressZip.h in Headers */ = {isa = PBXBuildFile; fileRef = 919BA4D419EB2DC700EA83D6 /* PTKUSAddressZip.h */; };
		919BA4F719EB2DC700EA83D6 /* PTKUSAddressZip.m in Sources */ = {isa = PBXBuildFile; fileRef = 919BA4D519EB2DC700EA83D6 /* PTKUSAddressZip.m */; };
		919BA4F819EB2DC700EA83D6 /* PTKView.h in Headers */ = {isa = PBXBuildFile; fileRef = 919BA4D619EB2DC700EA83D6 /* PTKView.h */; };
		919BA4F919EB2DC700EA83D6 /* PTKView.m in Sources */ = {isa = PBXBuildFile; fileRef = 919BA4D719EB2DC700EA83D6 /* PTKView.m */; };
		919BA4FA19EB2DC700EA83D6 /* STPAPIConnection.h in Headers */ = {isa = PBXBuildFile; fileRef = 919BA4D819EB2DC700EA83D6 /* STPAPIConnection.h */; };
		919BA4FB19EB2DC700EA83D6 /* STPAPIConnection.m in Sources */ = {isa = PBXBuildFile; fileRef = 919BA4D919EB2DC700EA83D6 /* STPAPIConnection.m */; };
		919BA4FC19EB2DC700EA83D6 /* STPCard.h in Headers */ = {isa = PBXBuildFile; fileRef = 919BA4DA19EB2DC700EA83D6 /* STPCard.h */; };
		919BA4FD19EB2DC700EA83D6 /* STPCard.m in Sources */ = {isa = PBXBuildFile; fileRef = 919BA4DB19EB2DC700EA83D6 /* STPCard.m */; };
		919BA4FE19EB2DC700EA83D6 /* STPFormEncodeProtocol.h in Headers */ = {isa = PBXBuildFile; fileRef = 919BA4DC19EB2DC700EA83D6 /* STPFormEncodeProtocol.h */; };
		919BA4FF19EB2DC700EA83D6 /* STPToken.h in Headers */ = {isa = PBXBuildFile; fileRef = 919BA4DD19EB2DC700EA83D6 /* STPToken.h */; };
		919BA50019EB2DC700EA83D6 /* STPToken.m in Sources */ = {isa = PBXBuildFile; fileRef = 919BA4DE19EB2DC700EA83D6 /* STPToken.m */; };
		919BA50119EB2DC700EA83D6 /* STPUtils.h in Headers */ = {isa = PBXBuildFile; fileRef = 919BA4DF19EB2DC700EA83D6 /* STPUtils.h */; };
		919BA50219EB2DC700EA83D6 /* STPUtils.m in Sources */ = {isa = PBXBuildFile; fileRef = 919BA4E019EB2DC700EA83D6 /* STPUtils.m */; };
		919BA50319EB2DC700EA83D6 /* Stripe.h in Headers */ = {isa = PBXBuildFile; fileRef = 919BA4E119EB2DC700EA83D6 /* Stripe.h */; };
		919BA50419EB2DC700EA83D6 /* Stripe.m in Sources */ = {isa = PBXBuildFile; fileRef = 919BA4E219EB2DC700EA83D6 /* Stripe.m */; };
		919BA50519EB2DC700EA83D6 /* StripeError.h in Headers */ = {isa = PBXBuildFile; fileRef = 919BA4E319EB2DC700EA83D6 /* StripeError.h */; };
		919BA50619EB2DC700EA83D6 /* StripeError.m in Sources */ = {isa = PBXBuildFile; fileRef = 919BA4E419EB2DC700EA83D6 /* StripeError.m */; };
		AA747D9F0F9514B9006C5449 /* CoCoolelephantStripe_Prefix.pch in Headers */ = {isa = PBXBuildFile; fileRef = AA747D9E0F9514B9006C5449 /* CoCoolelephantStripe_Prefix.pch */; };
		AACBBE4A0F95108600F1A2B1 /* Foundation.framework in Frameworks */ = {isa = PBXBuildFile; fileRef = AACBBE490F95108600F1A2B1 /* Foundation.framework */; };
/* End PBXBuildFile section */

/* Begin PBXContainerItemProxy section */
		24416B8411C4CA280047AFDD /* PBXContainerItemProxy */ = {
			isa = PBXContainerItemProxy;
			containerPortal = 0867D690FE84028FC02AAC07 /* Project object */;
			proxyType = 1;
			remoteGlobalIDString = D2AAC07D0554694100DB518D;
			remoteInfo = CEStripeIOS;
		};
/* End PBXContainerItemProxy section */

/* Begin PBXFileReference section */
		24DD6CF71134B3F500162E58 /* CoCoolelephantStripeModule.h */ = {isa = PBXFileReference; fileEncoding = 4; lastKnownFileType = sourcecode.c.h; name = CoCoolelephantStripeModule.h; path = Classes/CoCoolelephantStripeModule.h; sourceTree = "<group>"; };
		24DD6CF81134B3F500162E58 /* CoCoolelephantStripeModule.m */ = {isa = PBXFileReference; fileEncoding = 4; lastKnownFileType = sourcecode.c.objc; name = CoCoolelephantStripeModule.m; path = Classes/CoCoolelephantStripeModule.m; sourceTree = "<group>"; };
		24DD6D1B1134B66800162E58 /* titanium.xcconfig */ = {isa = PBXFileReference; fileEncoding = 4; lastKnownFileType = text.xcconfig; path = titanium.xcconfig; sourceTree = "<group>"; };
		24DE9E0F11C5FE74003F90F6 /* CoCoolelephantStripeModuleAssets.h */ = {isa = PBXFileReference; fileEncoding = 4; lastKnownFileType = sourcecode.c.h; name = CoCoolelephantStripeModuleAssets.h; path = Classes/CoCoolelephantStripeModuleAssets.h; sourceTree = "<group>"; };
		24DE9E1011C5FE74003F90F6 /* CoCoolelephantStripeModuleAssets.m */ = {isa = PBXFileReference; fileEncoding = 4; lastKnownFileType = sourcecode.c.objc; name = CoCoolelephantStripeModuleAssets.m; path = Classes/CoCoolelephantStripeModuleAssets.m; sourceTree = "<group>"; };
		919446941899B88000D7426F /* manifest */ = {isa = PBXFileReference; fileEncoding = 4; lastKnownFileType = text; path = manifest; sourceTree = "<group>"; };
		919446951899B88000D7426F /* module.xcconfig */ = {isa = PBXFileReference; fileEncoding = 4; lastKnownFileType = text.xcconfig; path = module.xcconfig; sourceTree = "<group>"; };
		919446961899B8C100D7426F /* QuartzCore.framework */ = {isa = PBXFileReference; lastKnownFileType = wrapper.framework; name = QuartzCore.framework; path = System/Library/Frameworks/QuartzCore.framework; sourceTree = SDKROOT; };
		919447291899BDC400D7426F /* CoCoolelephantStripeView.h */ = {isa = PBXFileReference; fileEncoding = 4; lastKnownFileType = sourcecode.c.h; name = CoCoolelephantStripeView.h; path = Classes/CoCoolelephantStripeView.h; sourceTree = "<group>"; };
		9194472A1899BDC400D7426F /* CoCoolelephantStripeView.m */ = {isa = PBXFileReference; fileEncoding = 4; lastKnownFileType = sourcecode.c.objc; name = CoCoolelephantStripeView.m; path = Classes/CoCoolelephantStripeView.m; sourceTree = "<group>"; };
		9194472D1899BDDF00D7426F /* CoCoolelephantStripeViewProxy.h */ = {isa = PBXFileReference; fileEncoding = 4; lastKnownFileType = sourcecode.c.h; name = CoCoolelephantStripeViewProxy.h; path = Classes/CoCoolelephantStripeViewProxy.h; sourceTree = "<group>"; };
		9194472E1899BDDF00D7426F /* CoCoolelephantStripeViewProxy.m */ = {isa = PBXFileReference; fileEncoding = 4; lastKnownFileType = sourcecode.c.objc; name = CoCoolelephantStripeViewProxy.m; path = Classes/CoCoolelephantStripeViewProxy.m; sourceTree = "<group>"; };
		919447371899C59200D7426F /* README */ = {isa = PBXFileReference; fileEncoding = 4; lastKnownFileType = text; path = README; sourceTree = "<group>"; };
		919BA4AB19EB2CA500EA83D6 /* amex.png */ = {isa = PBXFileReference; lastKnownFileType = image.png; path = amex.png; sourceTree = "<group>"; };
		919BA4AC19EB2CA500EA83D6 /* amex@2x.png */ = {isa = PBXFileReference; lastKnownFileType = image.png; path = "amex@2x.png"; sourceTree = "<group>"; };
		919BA4AD19EB2CA500EA83D6 /* cvc-amex.png */ = {isa = PBXFileReference; lastKnownFileType = image.png; path = "cvc-amex.png"; sourceTree = "<group>"; };
		919BA4AE19EB2CA500EA83D6 /* cvc-amex@2x.png */ = {isa = PBXFileReference; lastKnownFileType = image.png; path = "cvc-amex@2x.png"; sourceTree = "<group>"; };
		919BA4AF19EB2CA500EA83D6 /* cvc.png */ = {isa = PBXFileReference; lastKnownFileType = image.png; path = cvc.png; sourceTree = "<group>"; };
		919BA4B019EB2CA500EA83D6 /* cvc@2x.png */ = {isa = PBXFileReference; lastKnownFileType = image.png; path = "cvc@2x.png"; sourceTree = "<group>"; };
		919BA4B119EB2CA500EA83D6 /* diners.png */ = {isa = PBXFileReference; lastKnownFileType = image.png; path = diners.png; sourceTree = "<group>"; };
		919BA4B219EB2CA500EA83D6 /* diners@2x.png */ = {isa = PBXFileReference; lastKnownFileType = image.png; path = "diners@2x.png"; sourceTree = "<group>"; };
		919BA4B319EB2CA500EA83D6 /* discover.png */ = {isa = PBXFileReference; lastKnownFileType = image.png; path = discover.png; sourceTree = "<group>"; };
		919BA4B419EB2CA500EA83D6 /* discover@2x.png */ = {isa = PBXFileReference; lastKnownFileType = image.png; path = "discover@2x.png"; sourceTree = "<group>"; };
		919BA4B519EB2CA500EA83D6 /* jcb.png */ = {isa = PBXFileReference; lastKnownFileType = image.png; path = jcb.png; sourceTree = "<group>"; };
		919BA4B619EB2CA500EA83D6 /* jcb@2x.png */ = {isa = PBXFileReference; lastKnownFileType = image.png; path = "jcb@2x.png"; sourceTree = "<group>"; };
		919BA4B719EB2CA500EA83D6 /* mastercard.png */ = {isa = PBXFileReference; lastKnownFileType = image.png; path = mastercard.png; sourceTree = "<group>"; };
		919BA4B819EB2CA500EA83D6 /* mastercard@2x.png */ = {isa = PBXFileReference; lastKnownFileType = image.png; path = "mastercard@2x.png"; sourceTree = "<group>"; };
		919BA4B919EB2CA500EA83D6 /* placeholder.png */ = {isa = PBXFileReference; lastKnownFileType = image.png; path = placeholder.png; sourceTree = "<group>"; };
		919BA4BA19EB2CA500EA83D6 /* placeholder@2x.png */ = {isa = PBXFileReference; lastKnownFileType = image.png; path = "placeholder@2x.png"; sourceTree = "<group>"; };
		919BA4BB19EB2CA500EA83D6 /* visa.png */ = {isa = PBXFileReference; lastKnownFileType = image.png; path = visa.png; sourceTree = "<group>"; };
		919BA4BC19EB2CA500EA83D6 /* visa@2x.png */ = {isa = PBXFileReference; lastKnownFileType = image.png; path = "visa@2x.png"; sourceTree = "<group>"; };
		919BA4BD19EB2CB100EA83D6 /* gradient@2x.png */ = {isa = PBXFileReference; lastKnownFileType = image.png; path = "gradient@2x.png"; sourceTree = "<group>"; };
		919BA4BE19EB2CB100EA83D6 /* textfield.png */ = {isa = PBXFileReference; lastKnownFileType = image.png; path = textfield.png; sourceTree = "<group>"; };
		919BA4BF19EB2CB100EA83D6 /* textfield@2x.png */ = {isa = PBXFileReference; lastKnownFileType = image.png; path = "textfield@2x.png"; sourceTree = "<group>"; };
		919BA4C219EB2DC700EA83D6 /* Stripe+ApplePay.h */ = {isa = PBXFileReference; fileEncoding = 4; lastKnownFileType = sourcecode.c.h; path = "Stripe+ApplePay.h"; sourceTree = "<group>"; };
		919BA4C319EB2DC700EA83D6 /* Stripe+ApplePay.m */ = {isa = PBXFileReference; fileEncoding = 4; lastKnownFileType = sourcecode.c.objc; path = "Stripe+ApplePay.m"; sourceTree = "<group>"; };
		919BA4C519EB2DC700EA83D6 /* PTKAddressZip.h */ = {isa = PBXFileReference; fileEncoding = 4; lastKnownFileType = sourcecode.c.h; path = PTKAddressZip.h; sourceTree = "<group>"; };
		919BA4C619EB2DC700EA83D6 /* PTKAddressZip.m */ = {isa = PBXFileReference; fileEncoding = 4; lastKnownFileType = sourcecode.c.objc; path = PTKAddressZip.m; sourceTree = "<group>"; };
		919BA4C719EB2DC700EA83D6 /* PTKCard.h */ = {isa = PBXFileReference; fileEncoding = 4; lastKnownFileType = sourcecode.c.h; path = PTKCard.h; sourceTree = "<group>"; };
		919BA4C819EB2DC700EA83D6 /* PTKCard.m */ = {isa = PBXFileReference; fileEncoding = 4; lastKnownFileType = sourcecode.c.objc; path = PTKCard.m; sourceTree = "<group>"; };
		919BA4C919EB2DC700EA83D6 /* PTKCardCVC.h */ = {isa = PBXFileReference; fileEncoding = 4; lastKnownFileType = sourcecode.c.h; path = PTKCardCVC.h; sourceTree = "<group>"; };
		919BA4CA19EB2DC700EA83D6 /* PTKCardCVC.m */ = {isa = PBXFileReference; fileEncoding = 4; lastKnownFileType = sourcecode.c.objc; path = PTKCardCVC.m; sourceTree = "<group>"; };
		919BA4CB19EB2DC700EA83D6 /* PTKCardExpiry.h */ = {isa = PBXFileReference; fileEncoding = 4; lastKnownFileType = sourcecode.c.h; path = PTKCardExpiry.h; sourceTree = "<group>"; };
		919BA4CC19EB2DC700EA83D6 /* PTKCardExpiry.m */ = {isa = PBXFileReference; fileEncoding = 4; lastKnownFileType = sourcecode.c.objc; path = PTKCardExpiry.m; sourceTree = "<group>"; };
		919BA4CD19EB2DC700EA83D6 /* PTKCardNumber.h */ = {isa = PBXFileReference; fileEncoding = 4; lastKnownFileType = sourcecode.c.h; path = PTKCardNumber.h; sourceTree = "<group>"; };
		919BA4CE19EB2DC700EA83D6 /* PTKCardNumber.m */ = {isa = PBXFileReference; fileEncoding = 4; lastKnownFileType = sourcecode.c.objc; path = PTKCardNumber.m; sourceTree = "<group>"; };
		919BA4CF19EB2DC700EA83D6 /* PTKCardType.h */ = {isa = PBXFileReference; fileEncoding = 4; lastKnownFileType = sourcecode.c.h; path = PTKCardType.h; sourceTree = "<group>"; };
		919BA4D019EB2DC700EA83D6 /* PTKComponent.h */ = {isa = PBXFileReference; fileEncoding = 4; lastKnownFileType = sourcecode.c.h; path = PTKComponent.h; sourceTree = "<group>"; };
		919BA4D119EB2DC700EA83D6 /* PTKComponent.m */ = {isa = PBXFileReference; fileEncoding = 4; lastKnownFileType = sourcecode.c.objc; path = PTKComponent.m; sourceTree = "<group>"; };
		919BA4D219EB2DC700EA83D6 /* PTKTextField.h */ = {isa = PBXFileReference; fileEncoding = 4; lastKnownFileType = sourcecode.c.h; path = PTKTextField.h; sourceTree = "<group>"; };
		919BA4D319EB2DC700EA83D6 /* PTKTextField.m */ = {isa = PBXFileReference; fileEncoding = 4; lastKnownFileType = sourcecode.c.objc; path = PTKTextField.m; sourceTree = "<group>"; };
		919BA4D419EB2DC700EA83D6 /* PTKUSAddressZip.h */ = {isa = PBXFileReference; fileEncoding = 4; lastKnownFileType = sourcecode.c.h; path = PTKUSAddressZip.h; sourceTree = "<group>"; };
		919BA4D519EB2DC700EA83D6 /* PTKUSAddressZip.m */ = {isa = PBXFileReference; fileEncoding = 4; lastKnownFileType = sourcecode.c.objc; path = PTKUSAddressZip.m; sourceTree = "<group>"; };
		919BA4D619EB2DC700EA83D6 /* PTKView.h */ = {isa = PBXFileReference; fileEncoding = 4; lastKnownFileType = sourcecode.c.h; path = PTKView.h; sourceTree = "<group>"; };
		919BA4D719EB2DC700EA83D6 /* PTKView.m */ = {isa = PBXFileReference; fileEncoding = 4; lastKnownFileType = sourcecode.c.objc; path = PTKView.m; sourceTree = "<group>"; };
		919BA4D819EB2DC700EA83D6 /* STPAPIConnection.h */ = {isa = PBXFileReference; fileEncoding = 4; lastKnownFileType = sourcecode.c.h; path = STPAPIConnection.h; sourceTree = "<group>"; };
		919BA4D919EB2DC700EA83D6 /* STPAPIConnection.m */ = {isa = PBXFileReference; fileEncoding = 4; lastKnownFileType = sourcecode.c.objc; path = STPAPIConnection.m; sourceTree = "<group>"; };
		919BA4DA19EB2DC700EA83D6 /* STPCard.h */ = {isa = PBXFileReference; fileEncoding = 4; lastKnownFileType = sourcecode.c.h; path = STPCard.h; sourceTree = "<group>"; };
		919BA4DB19EB2DC700EA83D6 /* STPCard.m */ = {isa = PBXFileReference; fileEncoding = 4; lastKnownFileType = sourcecode.c.objc; path = STPCard.m; sourceTree = "<group>"; };
		919BA4DC19EB2DC700EA83D6 /* STPFormEncodeProtocol.h */ = {isa = PBXFileReference; fileEncoding = 4; lastKnownFileType = sourcecode.c.h; path = STPFormEncodeProtocol.h; sourceTree = "<group>"; };
		919BA4DD19EB2DC700EA83D6 /* STPToken.h */ = {isa = PBXFileReference; fileEncoding = 4; lastKnownFileType = sourcecode.c.h; path = STPToken.h; sourceTree = "<group>"; };
		919BA4DE19EB2DC700EA83D6 /* STPToken.m */ = {isa = PBXFileReference; fileEncoding = 4; lastKnownFileType = sourcecode.c.objc; path = STPToken.m; sourceTree = "<group>"; };
		919BA4DF19EB2DC700EA83D6 /* STPUtils.h */ = {isa = PBXFileReference; fileEncoding = 4; lastKnownFileType = sourcecode.c.h; path = STPUtils.h; sourceTree = "<group>"; };
		919BA4E019EB2DC700EA83D6 /* STPUtils.m */ = {isa = PBXFileReference; fileEncoding = 4; lastKnownFileType = sourcecode.c.objc; path = STPUtils.m; sourceTree = "<group>"; };
		919BA4E119EB2DC700EA83D6 /* Stripe.h */ = {isa = PBXFileReference; fileEncoding = 4; lastKnownFileType = sourcecode.c.h; path = Stripe.h; sourceTree = "<group>"; };
		919BA4E219EB2DC700EA83D6 /* Stripe.m */ = {isa = PBXFileReference; fileEncoding = 4; lastKnownFileType = sourcecode.c.objc; path = Stripe.m; sourceTree = "<group>"; };
		919BA4E319EB2DC700EA83D6 /* StripeError.h */ = {isa = PBXFileReference; fileEncoding = 4; lastKnownFileType = sourcecode.c.h; path = StripeError.h; sourceTree = "<group>"; };
		919BA4E419EB2DC700EA83D6 /* StripeError.m */ = {isa = PBXFileReference; fileEncoding = 4; lastKnownFileType = sourcecode.c.objc; path = StripeError.m; sourceTree = "<group>"; };
		AA747D9E0F9514B9006C5449 /* CoCoolelephantStripe_Prefix.pch */ = {isa = PBXFileReference; fileEncoding = 4; lastKnownFileType = sourcecode.c.h; path = CoCoolelephantStripe_Prefix.pch; sourceTree = SOURCE_ROOT; };
		AACBBE490F95108600F1A2B1 /* Foundation.framework */ = {isa = PBXFileReference; lastKnownFileType = wrapper.framework; name = Foundation.framework; path = System/Library/Frameworks/Foundation.framework; sourceTree = SDKROOT; };
		D2AAC07E0554694100DB518D /* libCoCoolelephantStripe.a */ = {isa = PBXFileReference; explicitFileType = archive.ar; includeInIndex = 0; path = libCoCoolelephantStripe.a; sourceTree = BUILT_PRODUCTS_DIR; };
/* End PBXFileReference section */

/* Begin PBXFrameworksBuildPhase section */
		D2AAC07C0554694100DB518D /* Frameworks */ = {
			isa = PBXFrameworksBuildPhase;
			buildActionMask = 2147483647;
			files = (
				919446971899B8C100D7426F /* QuartzCore.framework in Frameworks */,
				AACBBE4A0F95108600F1A2B1 /* Foundation.framework in Frameworks */,
			);
			runOnlyForDeploymentPostprocessing = 0;
		};
/* End PBXFrameworksBuildPhase section */

/* Begin PBXGroup section */
		034768DFFF38A50411DB9C8B /* Products */ = {
			isa = PBXGroup;
			children = (
				D2AAC07E0554694100DB518D /* libCoCoolelephantStripe.a */,
			);
			name = Products;
			sourceTree = "<group>";
		};
		0867D691FE84028FC02AAC07 /* CEStripeIOS */ = {
			isa = PBXGroup;
			children = (
				919447361899C59200D7426F /* assets */,
				08FB77AEFE84172EC02AAC07 /* Classes */,
				32C88DFF0371C24200C91783 /* Other Sources */,
				0867D69AFE84028FC02AAC07 /* Frameworks */,
				034768DFFF38A50411DB9C8B /* Products */,
			);
			name = CEStripeIOS;
			sourceTree = "<group>";
		};
		0867D69AFE84028FC02AAC07 /* Frameworks */ = {
			isa = PBXGroup;
			children = (
				919446961899B8C100D7426F /* QuartzCore.framework */,
				AACBBE490F95108600F1A2B1 /* Foundation.framework */,
			);
			name = Frameworks;
			sourceTree = "<group>";
		};
		08FB77AEFE84172EC02AAC07 /* Classes */ = {
			isa = PBXGroup;
			children = (
				919BA4C019EB2DC700EA83D6 /* vendor */,
				24DE9E0F11C5FE74003F90F6 /* CoCoolelephantStripeModuleAssets.h */,
				24DE9E1011C5FE74003F90F6 /* CoCoolelephantStripeModuleAssets.m */,
				24DD6CF71134B3F500162E58 /* CoCoolelephantStripeModule.h */,
				24DD6CF81134B3F500162E58 /* CoCoolelephantStripeModule.m */,
				919447291899BDC400D7426F /* CoCoolelephantStripeView.h */,
				9194472A1899BDC400D7426F /* CoCoolelephantStripeView.m */,
				9194472D1899BDDF00D7426F /* CoCoolelephantStripeViewProxy.h */,
				9194472E1899BDDF00D7426F /* CoCoolelephantStripeViewProxy.m */,
			);
			name = Classes;
			sourceTree = "<group>";
		};
		32C88DFF0371C24200C91783 /* Other Sources */ = {
			isa = PBXGroup;
			children = (
				919446941899B88000D7426F /* manifest */,
				919446951899B88000D7426F /* module.xcconfig */,
				AA747D9E0F9514B9006C5449 /* CoCoolelephantStripe_Prefix.pch */,
				24DD6D1B1134B66800162E58 /* titanium.xcconfig */,
			);
			name = "Other Sources";
			sourceTree = "<group>";
		};
		919447361899C59200D7426F /* assets */ = {
			isa = PBXGroup;
			children = (
				919BA4BD19EB2CB100EA83D6 /* gradient@2x.png */,
				919BA4BE19EB2CB100EA83D6 /* textfield.png */,
				919BA4BF19EB2CB100EA83D6 /* textfield@2x.png */,
				919BA4AB19EB2CA500EA83D6 /* amex.png */,
				919BA4AC19EB2CA500EA83D6 /* amex@2x.png */,
				919BA4AD19EB2CA500EA83D6 /* cvc-amex.png */,
				919BA4AE19EB2CA500EA83D6 /* cvc-amex@2x.png */,
				919BA4AF19EB2CA500EA83D6 /* cvc.png */,
				919BA4B019EB2CA500EA83D6 /* cvc@2x.png */,
				919BA4B119EB2CA500EA83D6 /* diners.png */,
				919BA4B219EB2CA500EA83D6 /* diners@2x.png */,
				919BA4B319EB2CA500EA83D6 /* discover.png */,
				919BA4B419EB2CA500EA83D6 /* discover@2x.png */,
				919BA4B519EB2CA500EA83D6 /* jcb.png */,
				919BA4B619EB2CA500EA83D6 /* jcb@2x.png */,
				919BA4B719EB2CA500EA83D6 /* mastercard.png */,
				919BA4B819EB2CA500EA83D6 /* mastercard@2x.png */,
				919BA4B919EB2CA500EA83D6 /* placeholder.png */,
				919BA4BA19EB2CA500EA83D6 /* placeholder@2x.png */,
				919BA4BB19EB2CA500EA83D6 /* visa.png */,
				919BA4BC19EB2CA500EA83D6 /* visa@2x.png */,
				919447371899C59200D7426F /* README */,
			);
			path = assets;
			sourceTree = "<group>";
		};
		919BA4C019EB2DC700EA83D6 /* vendor */ = {
			isa = PBXGroup;
			children = (
				919BA4C119EB2DC700EA83D6 /* ApplePay */,
				919BA4C419EB2DC700EA83D6 /* PaymentKit */,
				919BA4D819EB2DC700EA83D6 /* STPAPIConnection.h */,
				919BA4D919EB2DC700EA83D6 /* STPAPIConnection.m */,
				919BA4DA19EB2DC700EA83D6 /* STPCard.h */,
				919BA4DB19EB2DC700EA83D6 /* STPCard.m */,
				919BA4DC19EB2DC700EA83D6 /* STPFormEncodeProtocol.h */,
				919BA4DD19EB2DC700EA83D6 /* STPToken.h */,
				919BA4DE19EB2DC700EA83D6 /* STPToken.m */,
				919BA4DF19EB2DC700EA83D6 /* STPUtils.h */,
				919BA4E019EB2DC700EA83D6 /* STPUtils.m */,
				919BA4E119EB2DC700EA83D6 /* Stripe.h */,
				919BA4E219EB2DC700EA83D6 /* Stripe.m */,
				919BA4E319EB2DC700EA83D6 /* StripeError.h */,
				919BA4E419EB2DC700EA83D6 /* StripeError.m */,
			);
			name = vendor;
			path = Classes/vendor;
			sourceTree = "<group>";
		};
		919BA4C119EB2DC700EA83D6 /* ApplePay */ = {
			isa = PBXGroup;
			children = (
				919BA4C219EB2DC700EA83D6 /* Stripe+ApplePay.h */,
				919BA4C319EB2DC700EA83D6 /* Stripe+ApplePay.m */,
			);
			path = ApplePay;
			sourceTree = "<group>";
		};
		919BA4C419EB2DC700EA83D6 /* PaymentKit */ = {
			isa = PBXGroup;
			children = (
				919BA4C519EB2DC700EA83D6 /* PTKAddressZip.h */,
				919BA4C619EB2DC700EA83D6 /* PTKAddressZip.m */,
				919BA4C719EB2DC700EA83D6 /* PTKCard.h */,
				919BA4C819EB2DC700EA83D6 /* PTKCard.m */,
				919BA4C919EB2DC700EA83D6 /* PTKCardCVC.h */,
				919BA4CA19EB2DC700EA83D6 /* PTKCardCVC.m */,
				919BA4CB19EB2DC700EA83D6 /* PTKCardExpiry.h */,
				919BA4CC19EB2DC700EA83D6 /* PTKCardExpiry.m */,
				919BA4CD19EB2DC700EA83D6 /* PTKCardNumber.h */,
				919BA4CE19EB2DC700EA83D6 /* PTKCardNumber.m */,
				919BA4CF19EB2DC700EA83D6 /* PTKCardType.h */,
				919BA4D019EB2DC700EA83D6 /* PTKComponent.h */,
				919BA4D119EB2DC700EA83D6 /* PTKComponent.m */,
				919BA4D219EB2DC700EA83D6 /* PTKTextField.h */,
				919BA4D319EB2DC700EA83D6 /* PTKTextField.m */,
				919BA4D419EB2DC700EA83D6 /* PTKUSAddressZip.h */,
				919BA4D519EB2DC700EA83D6 /* PTKUSAddressZip.m */,
				919BA4D619EB2DC700EA83D6 /* PTKView.h */,
				919BA4D719EB2DC700EA83D6 /* PTKView.m */,
			);
			path = PaymentKit;
			sourceTree = "<group>";
		};
/* End PBXGroup section */

/* Begin PBXHeadersBuildPhase section */
		D2AAC07A0554694100DB518D /* Headers */ = {
			isa = PBXHeadersBuildPhase;
			buildActionMask = 2147483647;
			files = (
				919BA4EB19EB2DC700EA83D6 /* PTKCardCVC.h in Headers */,
				919BA4F219EB2DC700EA83D6 /* PTKComponent.h in Headers */,
				919BA4E919EB2DC700EA83D6 /* PTKCard.h in Headers */,
				9194472F1899BDDF00D7426F /* CoCoolelephantStripeViewProxy.h in Headers */,
				919BA4ED19EB2DC700EA83D6 /* PTKCardExpiry.h in Headers */,
				AA747D9F0F9514B9006C5449 /* CoCoolelephantStripe_Prefix.pch in Headers */,
				919BA4FC19EB2DC700EA83D6 /* STPCard.h in Headers */,
				919BA4F619EB2DC700EA83D6 /* PTKUSAddressZip.h in Headers */,
				919BA4E719EB2DC700EA83D6 /* PTKAddressZip.h in Headers */,
				919BA50319EB2DC700EA83D6 /* Stripe.h in Headers */,
				919BA50519EB2DC700EA83D6 /* StripeError.h in Headers */,
				919BA4F119EB2DC700EA83D6 /* PTKCardType.h in Headers */,
				919BA4F819EB2DC700EA83D6 /* PTKView.h in Headers */,
				24DD6CF91134B3F500162E58 /* CoCoolelephantStripeModule.h in Headers */,
				919BA4FF19EB2DC700EA83D6 /* STPToken.h in Headers */,
				919BA4E519EB2DC700EA83D6 /* Stripe+ApplePay.h in Headers */,
				919BA50119EB2DC700EA83D6 /* STPUtils.h in Headers */,
				24DE9E1111C5FE74003F90F6 /* CoCoolelephantStripeModuleAssets.h in Headers */,
				919BA4EF19EB2DC700EA83D6 /* PTKCardNumber.h in Headers */,
				919BA4F419EB2DC700EA83D6 /* PTKTextField.h in Headers */,
				9194472B1899BDC400D7426F /* CoCoolelephantStripeView.h in Headers */,
				919BA4FA19EB2DC700EA83D6 /* STPAPIConnection.h in Headers */,
				919BA4FE19EB2DC700EA83D6 /* STPFormEncodeProtocol.h in Headers */,
			);
			runOnlyForDeploymentPostprocessing = 0;
		};
/* End PBXHeadersBuildPhase section */

/* Begin PBXNativeTarget section */
		D2AAC07D0554694100DB518D /* CEStripeIOS */ = {
			isa = PBXNativeTarget;
			buildConfigurationList = 1DEB921E08733DC00010E9CD /* Build configuration list for PBXNativeTarget "CEStripeIOS" */;
			buildPhases = (
				D2AAC07A0554694100DB518D /* Headers */,
				D2AAC07B0554694100DB518D /* Sources */,
				D2AAC07C0554694100DB518D /* Frameworks */,
			);
			buildRules = (
			);
			dependencies = (
			);
			name = CEStripeIOS;
			productName = CEStripeIOS;
			productReference = D2AAC07E0554694100DB518D /* libCoCoolelephantStripe.a */;
			productType = "com.apple.product-type.library.static";
		};
/* End PBXNativeTarget section */

/* Begin PBXProject section */
		0867D690FE84028FC02AAC07 /* Project object */ = {
			isa = PBXProject;
			attributes = {
			};
			buildConfigurationList = 1DEB922208733DC00010E9CD /* Build configuration list for PBXProject "CEStripeIOS" */;
			compatibilityVersion = "Xcode 3.1";
			developmentRegion = English;
			hasScannedForEncodings = 1;
			knownRegions = (
				English,
				Japanese,
				French,
				German,
				en,
			);
			mainGroup = 0867D691FE84028FC02AAC07 /* CEStripeIOS */;
			productRefGroup = 034768DFFF38A50411DB9C8B /* Products */;
			projectDirPath = "";
			projectRoot = "";
			targets = (
				D2AAC07D0554694100DB518D /* CEStripeIOS */,
				24416B8111C4CA220047AFDD /* Build & Test */,
			);
		};
/* End PBXProject section */

/* Begin PBXShellScriptBuildPhase section */
		24416B8011C4CA220047AFDD /* ShellScript */ = {
			isa = PBXShellScriptBuildPhase;
			buildActionMask = 2147483647;
			files = (
			);
			inputPaths = (
			);
			outputPaths = (
			);
			runOnlyForDeploymentPostprocessing = 0;
			shellPath = /bin/sh;
			shellScript = "# shell script goes here\n\npython \"${TITANIUM_SDK}/titanium.py\" run --dir=\"${PROJECT_DIR}\"\nexit $?\n";
		};
/* End PBXShellScriptBuildPhase section */

/* Begin PBXSourcesBuildPhase section */
		D2AAC07B0554694100DB518D /* Sources */ = {
			isa = PBXSourcesBuildPhase;
			buildActionMask = 2147483647;
			files = (
				919BA4E819EB2DC700EA83D6 /* PTKAddressZip.m in Sources */,
				919BA4F719EB2DC700EA83D6 /* PTKUSAddressZip.m in Sources */,
				919BA4F519EB2DC700EA83D6 /* PTKTextField.m in Sources */,
				919BA50219EB2DC700EA83D6 /* STPUtils.m in Sources */,
				919447301899BDDF00D7426F /* CoCoolelephantStripeViewProxy.m in Sources */,
				9194472C1899BDC400D7426F /* CoCoolelephantStripeView.m in Sources */,
				919BA4FD19EB2DC700EA83D6 /* STPCard.m in Sources */,
				24DD6CFA1134B3F500162E58 /* CoCoolelephantStripeModule.m in Sources */,
				919BA4FB19EB2DC700EA83D6 /* STPAPIConnection.m in Sources */,
				919BA4EC19EB2DC700EA83D6 /* PTKCardCVC.m in Sources */,
				919BA50019EB2DC700EA83D6 /* STPToken.m in Sources */,
				24DE9E1211C5FE74003F90F6 /* CoCoolelephantStripeModuleAssets.m in Sources */,
				919BA4EA19EB2DC700EA83D6 /* PTKCard.m in Sources */,
				919BA4E619EB2DC700EA83D6 /* Stripe+ApplePay.m in Sources */,
				919BA50419EB2DC700EA83D6 /* Stripe.m in Sources */,
				919BA4F919EB2DC700EA83D6 /* PTKView.m in Sources */,
				919BA4F019EB2DC700EA83D6 /* PTKCardNumber.m in Sources */,
				919BA50619EB2DC700EA83D6 /* StripeError.m in Sources */,
				919BA4F319EB2DC700EA83D6 /* PTKComponent.m in Sources */,
				919BA4EE19EB2DC700EA83D6 /* PTKCardExpiry.m in Sources */,
			);
			runOnlyForDeploymentPostprocessing = 0;
		};
/* End PBXSourcesBuildPhase section */

/* Begin PBXTargetDependency section */
		24416B8511C4CA280047AFDD /* PBXTargetDependency */ = {
			isa = PBXTargetDependency;
			target = D2AAC07D0554694100DB518D /* CEStripeIOS */;
			targetProxy = 24416B8411C4CA280047AFDD /* PBXContainerItemProxy */;
		};
/* End PBXTargetDependency section */

/* Begin XCBuildConfiguration section */
		1DEB921F08733DC00010E9CD /* Debug */ = {
			isa = XCBuildConfiguration;
			baseConfigurationReference = 24DD6D1B1134B66800162E58 /* titanium.xcconfig */;
			buildSettings = {
				CLANG_ENABLE_OBJC_ARC = YES;
				CODE_SIGN_IDENTITY = "iPhone Developer";
				"CODE_SIGN_IDENTITY[sdk=iphoneos*]" = "iPhone Developer";
				DSTROOT = /tmp/CoCoolelephantStripe.dst;
				GCC_C_LANGUAGE_STANDARD = c99;
				GCC_OPTIMIZATION_LEVEL = 0;
				GCC_PRECOMPILE_PREFIX_HEADER = YES;
				GCC_PREFIX_HEADER = CoCoolelephantStripe_Prefix.pch;
				GCC_PREPROCESSOR_DEFINITIONS = "TI_VERSION=$(TI_VERSION)";
				GCC_TREAT_WARNINGS_AS_ERRORS = NO;
				GCC_VERSION = "";
				GCC_WARN_ABOUT_RETURN_TYPE = NO;
				GCC_WARN_MISSING_PARENTHESES = NO;
				GCC_WARN_SHADOW = NO;
				GCC_WARN_STRICT_SELECTOR_MATCH = NO;
				GCC_WARN_UNUSED_FUNCTION = YES;
				GCC_WARN_UNUSED_PARAMETER = NO;
				GCC_WARN_UNUSED_VALUE = NO;
				GCC_WARN_UNUSED_VARIABLE = NO;
				INSTALL_PATH = /usr/local/lib;
				LIBRARY_SEARCH_PATHS = "";
				OTHER_CFLAGS = (
					"-DDEBUG",
					"-DTI_POST_1_2",
				);
				OTHER_LDFLAGS = "-ObjC";
				PRODUCT_NAME = CoCoolelephantStripe;
				PROVISIONING_PROFILE = "";
				"PROVISIONING_PROFILE[sdk=iphoneos*]" = "";
				RUN_CLANG_STATIC_ANALYZER = NO;
				SDKROOT = iphoneos;
				USER_HEADER_SEARCH_PATHS = "";
			};
			name = Debug;
		};
		1DEB922008733DC00010E9CD /* Release */ = {
			isa = XCBuildConfiguration;
			baseConfigurationReference = 24DD6D1B1134B66800162E58 /* titanium.xcconfig */;
			buildSettings = {
				ALWAYS_SEARCH_USER_PATHS = NO;
				CLANG_ENABLE_OBJC_ARC = YES;
				DSTROOT = /tmp/CoCoolelephantStripe.dst;
				GCC_C_LANGUAGE_STANDARD = c99;
				GCC_MODEL_TUNING = G5;
				GCC_PRECOMPILE_PREFIX_HEADER = YES;
				GCC_PREFIX_HEADER = CoCoolelephantStripe_Prefix.pch;
				GCC_PREPROCESSOR_DEFINITIONS = "TI_VERSION=$(TI_VERSION)";
				GCC_TREAT_WARNINGS_AS_ERRORS = NO;
				GCC_VERSION = "";
				GCC_WARN_ABOUT_RETURN_TYPE = NO;
				GCC_WARN_MISSING_PARENTHESES = NO;
				GCC_WARN_SHADOW = NO;
				GCC_WARN_STRICT_SELECTOR_MATCH = NO;
				GCC_WARN_UNUSED_FUNCTION = YES;
				GCC_WARN_UNUSED_PARAMETER = NO;
				GCC_WARN_UNUSED_VALUE = NO;
				GCC_WARN_UNUSED_VARIABLE = NO;
				INSTALL_PATH = /usr/local/lib;
				IPHONEOS_DEPLOYMENT_TARGET = 7.0;
				LIBRARY_SEARCH_PATHS = "";
				OTHER_CFLAGS = "-DTI_POST_1_2";
				OTHER_LDFLAGS = "-ObjC";
				PRODUCT_NAME = CoCoolelephantStripe;
				RUN_CLANG_STATIC_ANALYZER = NO;
				SDKROOT = iphoneos;
				USER_HEADER_SEARCH_PATHS = "";
			};
			name = Release;
		};
		1DEB922308733DC00010E9CD /* Debug */ = {
			isa = XCBuildConfiguration;
			baseConfigurationReference = 24DD6D1B1134B66800162E58 /* titanium.xcconfig */;
			buildSettings = {
				CLANG_ENABLE_OBJC_ARC = YES;
				CODE_SIGN_IDENTITY = "iPhone Developer";
				"CODE_SIGN_IDENTITY[sdk=iphoneos*]" = "iPhone Developer";
				DSTROOT = /tmp/CoCoolelephantStripe.dst;
				GCC_C_LANGUAGE_STANDARD = c99;
				GCC_OPTIMIZATION_LEVEL = 0;
				GCC_PRECOMPILE_PREFIX_HEADER = YES;
				GCC_PREFIX_HEADER = CoCoolelephantStripe_Prefix.pch;
				GCC_PREPROCESSOR_DEFINITIONS = "TI_VERSION=$(TI_VERSION)";
				GCC_TREAT_WARNINGS_AS_ERRORS = NO;
				GCC_VERSION = "";
				GCC_WARN_ABOUT_RETURN_TYPE = NO;
				GCC_WARN_MISSING_PARENTHESES = NO;
				GCC_WARN_SHADOW = NO;
				GCC_WARN_STRICT_SELECTOR_MATCH = NO;
				GCC_WARN_UNUSED_FUNCTION = YES;
				GCC_WARN_UNUSED_PARAMETER = NO;
				GCC_WARN_UNUSED_VALUE = NO;
				GCC_WARN_UNUSED_VARIABLE = NO;
				INSTALL_PATH = /usr/local/lib;
				OTHER_CFLAGS = (
					"-DDEBUG",
					"-DTI_POST_1_2",
				);
				OTHER_LDFLAGS = "-ObjC";
				PRODUCT_NAME = CoCoolelephantStripe;
				PROVISIONING_PROFILE = "";
				"PROVISIONING_PROFILE[sdk=iphoneos*]" = "";
				RUN_CLANG_STATIC_ANALYZER = NO;
				SDKROOT = iphoneos;
				USER_HEADER_SEARCH_PATHS = "";
			};
			name = Debug;
		};
		1DEB922408733DC00010E9CD /* Release */ = {
			isa = XCBuildConfiguration;
			baseConfigurationReference = 24DD6D1B1134B66800162E58 /* titanium.xcconfig */;
			buildSettings = {
				ALWAYS_SEARCH_USER_PATHS = NO;
				CLANG_ENABLE_OBJC_ARC = YES;
				DSTROOT = /tmp/CoCoolelephantStripe.dst;
				GCC_C_LANGUAGE_STANDARD = c99;
				GCC_MODEL_TUNING = G5;
				GCC_PRECOMPILE_PREFIX_HEADER = YES;
				GCC_PREFIX_HEADER = CoCoolelephantStripe_Prefix.pch;
				GCC_PREPROCESSOR_DEFINITIONS = "TI_VERSION=$(TI_VERSION)";
				GCC_TREAT_WARNINGS_AS_ERRORS = NO;
				GCC_VERSION = "";
				GCC_WARN_ABOUT_RETURN_TYPE = NO;
				GCC_WARN_MISSING_PARENTHESES = NO;
				GCC_WARN_SHADOW = NO;
				GCC_WARN_STRICT_SELECTOR_MATCH = NO;
				GCC_WARN_UNUSED_FUNCTION = YES;
				GCC_WARN_UNUSED_PARAMETER = NO;
				GCC_WARN_UNUSED_VALUE = NO;
				GCC_WARN_UNUSED_VARIABLE = NO;
				INSTALL_PATH = /usr/local/lib;
				IPHONEOS_DEPLOYMENT_TARGET = 7.0;
				OTHER_CFLAGS = "-DTI_POST_1_2";
				OTHER_LDFLAGS = "-ObjC";
				PRODUCT_NAME = CoCoolelephantStripe;
				RUN_CLANG_STATIC_ANALYZER = NO;
				SDKROOT = iphoneos;
				USER_HEADER_SEARCH_PATHS = "";
			};
			name = Release;
		};
		24416B8211C4CA220047AFDD /* Debug */ = {
			isa = XCBuildConfiguration;
			baseConfigurationReference = 24DD6D1B1134B66800162E58 /* titanium.xcconfig */;
			buildSettings = {
				COPY_PHASE_STRIP = NO;
				GCC_DYNAMIC_NO_PIC = NO;
				GCC_OPTIMIZATION_LEVEL = 0;
				PRODUCT_NAME = "Build & test";
			};
			name = Debug;
		};
		24416B8311C4CA220047AFDD /* Release */ = {
			isa = XCBuildConfiguration;
			baseConfigurationReference = 24DD6D1B1134B66800162E58 /* titanium.xcconfig */;
			buildSettings = {
				COPY_PHASE_STRIP = YES;
				DEBUG_INFORMATION_FORMAT = "dwarf-with-dsym";
				GCC_ENABLE_FIX_AND_CONTINUE = NO;
				PRODUCT_NAME = "Build & test";
				ZERO_LINK = NO;
			};
			name = Release;
		};
/* End XCBuildConfiguration section */

/* Begin XCConfigurationList section */
		1DEB921E08733DC00010E9CD /* Build configuration list for PBXNativeTarget "CEStripeIOS" */ = {
			isa = XCConfigurationList;
			buildConfigurations = (
				1DEB921F08733DC00010E9CD /* Debug */,
				1DEB922008733DC00010E9CD /* Release */,
			);
			defaultConfigurationIsVisible = 0;
			defaultConfigurationName = Release;
		};
		1DEB922208733DC00010E9CD /* Build configuration list for PBXProject "CEStripeIOS" */ = {
			isa = XCConfigurationList;
			buildConfigurations = (
				1DEB922308733DC00010E9CD /* Debug */,
				1DEB922408733DC00010E9CD /* Release */,
			);
			defaultConfigurationIsVisible = 0;
			defaultConfigurationName = Release;
		};
		24416B8A11C4CA520047AFDD /* Build configuration list for PBXAggregateTarget "Build & Test" */ = {
			isa = XCConfigurationList;
			buildConfigurations = (
				24416B8211C4CA220047AFDD /* Debug */,
				24416B8311C4CA220047AFDD /* Release */,
			);
			defaultConfigurationIsVisible = 0;
			defaultConfigurationName = Release;
		};
/* End XCConfigurationList section */
	};
	rootObject = 0867D690FE84028FC02AAC07 /* Project object */;
}
